
Microsoft Visual Studio Solution File, Format Version 12.00
# Visual Studio Version 17
VisualStudioVersion = 17.9.34728.123
MinimumVisualStudioVersion = 10.0.40219.1
Project("{FAE04EC0-301F-11D3-BF4B-00C04F79EFBC}") = "RealmWinUI", "RealmWinUI.csproj", "{DDCFA028-FF83-4259-8938-EFC2B1FEDE2B}"
EndProject
Global
	GlobalSection(SolutionConfigurationPlatforms) = preSolution
		Debug|ARM64 = Debug|ARM64
		Debug|x64 = Debug|x64
		Debug|x86 = Debug|x86
		Release|ARM64 = Release|ARM64
		Release|x64 = Release|x64
		Release|x86 = Release|x86
	EndGlobalSection
	GlobalSection(ProjectConfigurationPlatforms) = postSolution
		{DDCFA028-FF83-4259-8938-EFC2B1FEDE2B}.Debug|ARM64.ActiveCfg = Debug|ARM64
		{DDCFA028-FF83-4259-8938-EFC2B1FEDE2B}.Debug|ARM64.Build.0 = Debug|ARM64
		{DDCFA028-FF83-4259-8938-EFC2B1FEDE2B}.Debug|x64.ActiveCfg = Debug|x64
		{DDCFA028-FF83-4259-8938-EFC2B1FEDE2B}.Debug|x64.Build.0 = Debug|x64
		{DDCFA028-FF83-4259-8938-EFC2B1FEDE2B}.Debug|x86.ActiveCfg = Debug|x86
		{DDCFA028-FF83-4259-8938-EFC2B1FEDE2B}.Debug|x86.Build.0 = Debug|x86
		{DDCFA028-FF83-4259-8938-EFC2B1FEDE2B}.Release|ARM64.ActiveCfg = Release|ARM64
		{DDCFA028-FF83-4259-8938-EFC2B1FEDE2B}.Release|ARM64.Build.0 = Release|ARM64
		{DDCFA028-FF83-4259-8938-EFC2B1FEDE2B}.Release|x64.ActiveCfg = Release|x64
		{DDCFA028-FF83-4259-8938-EFC2B1FEDE2B}.Release|x64.Build.0 = Release|x64
		{DDCFA028-FF83-4259-8938-EFC2B1FEDE2B}.Release|x86.ActiveCfg = Release|x86
		{DDCFA028-FF83-4259-8938-EFC2B1FEDE2B}.Release|x86.Build.0 = Release|x86
	EndGlobalSection
	GlobalSection(SolutionProperties) = preSolution
		HideSolutionNode = FALSE
	EndGlobalSection
	GlobalSection(ExtensibilityGlobals) = postSolution
		SolutionGuid = {EE506987-677B-4D40-A42E-D907FD688A02}
	EndGlobalSection
EndGlobal
